# This file is generated by running "yarn install" inside your project.
# Manual changes might be lost - proceed with caution!

__metadata:
  version: 8
  cacheKey: 10

"@google-cloud/resource-manager@npm:5.3.0":
  version: 5.3.0
  resolution: "@google-cloud/resource-manager@npm:5.3.0"
  dependencies:
    google-gax: "npm:^4.0.3"
  checksum: 10/a51d22add3ea1383a6ead34e009f527767f9b86e9a6540c007c5878775f4006833fdc3f833508bcc37e0347963f53e81ce8f7155878b62da1fc5c5bdfa5bbf02
  languageName: node
  linkType: hard

"@grpc/grpc-js@npm:^1.10.9":
  version: 1.11.1
  resolution: "@grpc/grpc-js@npm:1.11.1"
  dependencies:
    "@grpc/proto-loader": "npm:^0.7.13"
    "@js-sdsl/ordered-map": "npm:^4.4.2"
  checksum: 10/28fb8d0bbccc0a8f9f73899e6f982e5e762e8f0c009eb9234d4067021f96896479be76463f8a02b80d13ecfd52817ae6d0a189f6cfe22fd32df0505bf577a720
  languageName: node
  linkType: hard

"@grpc/proto-loader@npm:^0.7.13":
  version: 0.7.13
  resolution: "@grpc/proto-loader@npm:0.7.13"
  dependencies:
    lodash.camelcase: "npm:^4.3.0"
    long: "npm:^5.0.0"
    protobufjs: "npm:^7.2.5"
    yargs: "npm:^17.7.2"
  bin:
    proto-loader-gen-types: build/bin/proto-loader-gen-types.js
  checksum: 10/7e2d842c2061cbaf6450c71da0077263be3bab165454d5c8a3e1ae4d3c6d2915f02fd27da63ff01f05e127b1221acd40705273f5d29303901e60514e852992f4
  languageName: node
  linkType: hard

"@js-sdsl/ordered-map@npm:^4.4.2":
  version: 4.4.2
  resolution: "@js-sdsl/ordered-map@npm:4.4.2"
  checksum: 10/ac64e3f0615ecc015461c9f527f124d2edaa9e68de153c1e270c627e01e83d046522d7e872692fd57a8c514578b539afceff75831c0d8b2a9a7a347fbed35af4
  languageName: node
  linkType: hard

"@protobufjs/aspromise@npm:^1.1.1, @protobufjs/aspromise@npm:^1.1.2":
  version: 1.1.2
  resolution: "@protobufjs/aspromise@npm:1.1.2"
  checksum: 10/8a938d84fe4889411296db66b29287bd61ea3c14c2d23e7a8325f46a2b8ce899857c5f038d65d7641805e6c1d06b495525c7faf00c44f85a7ee6476649034969
  languageName: node
  linkType: hard

"@protobufjs/base64@npm:^1.1.2":
  version: 1.1.2
  resolution: "@protobufjs/base64@npm:1.1.2"
  checksum: 10/c71b100daeb3c9bdccab5cbc29495b906ba0ae22ceedc200e1ba49717d9c4ab15a6256839cebb6f9c6acae4ed7c25c67e0a95e734f612b258261d1a3098fe342
  languageName: node
  linkType: hard

"@protobufjs/codegen@npm:^2.0.4":
  version: 2.0.4
  resolution: "@protobufjs/codegen@npm:2.0.4"
  checksum: 10/c6ee5fa172a8464f5253174d3c2353ea520c2573ad7b6476983d9b1346f4d8f2b44aa29feb17a949b83c1816bc35286a5ea265ed9d8fdd2865acfa09668c0447
  languageName: node
  linkType: hard

"@protobufjs/eventemitter@npm:^1.1.0":
  version: 1.1.0
  resolution: "@protobufjs/eventemitter@npm:1.1.0"
  checksum: 10/03af3e99f17ad421283d054c88a06a30a615922a817741b43ca1b13e7c6b37820a37f6eba9980fb5150c54dba6e26cb6f7b64a6f7d8afa83596fafb3afa218c3
  languageName: node
  linkType: hard

"@protobufjs/fetch@npm:^1.1.0":
  version: 1.1.0
  resolution: "@protobufjs/fetch@npm:1.1.0"
  dependencies:
    "@protobufjs/aspromise": "npm:^1.1.1"
    "@protobufjs/inquire": "npm:^1.1.0"
  checksum: 10/67ae40572ad536e4ef94269199f252c024b66e3059850906bdaee161ca1d75c73d04d35cd56f147a8a5a079f5808e342b99e61942c1dae15604ff0600b09a958
  languageName: node
  linkType: hard

"@protobufjs/float@npm:^1.0.2":
  version: 1.0.2
  resolution: "@protobufjs/float@npm:1.0.2"
  checksum: 10/634c2c989da0ef2f4f19373d64187e2a79f598c5fb7991afb689d29a2ea17c14b796b29725945fa34b9493c17fb799e08ac0a7ccaae460ee1757d3083ed35187
  languageName: node
  linkType: hard

"@protobufjs/inquire@npm:^1.1.0":
  version: 1.1.0
  resolution: "@protobufjs/inquire@npm:1.1.0"
  checksum: 10/c09efa34a5465cb120775e1a482136f2340a58b4abce7e93d72b8b5a9324a0e879275016ef9fcd73d72a4731639c54f2bb755bb82f916e4a78892d1d840bb3d2
  languageName: node
  linkType: hard

"@protobufjs/path@npm:^1.1.2":
  version: 1.1.2
  resolution: "@protobufjs/path@npm:1.1.2"
  checksum: 10/bb709567935fd385a86ad1f575aea98131bbd719c743fb9b6edd6b47ede429ff71a801cecbd64fc72deebf4e08b8f1bd8062793178cdaed3713b8d15771f9b83
  languageName: node
  linkType: hard

"@protobufjs/pool@npm:^1.1.0":
  version: 1.1.0
  resolution: "@protobufjs/pool@npm:1.1.0"
  checksum: 10/b9c7047647f6af28e92aac54f6f7c1f7ff31b201b4bfcc7a415b2861528854fce3ec666d7e7e10fd744da905f7d4aef2205bbcc8944ca0ca7a82e18134d00c46
  languageName: node
  linkType: hard

"@protobufjs/utf8@npm:^1.1.0":
  version: 1.1.0
  resolution: "@protobufjs/utf8@npm:1.1.0"
  checksum: 10/131e289c57534c1d73a0e55782d6751dd821db1583cb2f7f7e017c9d6747addaebe79f28120b2e0185395d990aad347fb14ffa73ef4096fa38508d61a0e64602
  languageName: node
  linkType: hard

"@tootallnate/once@npm:2":
  version: 2.0.0
  resolution: "@tootallnate/once@npm:2.0.0"
  checksum: 10/ad87447820dd3f24825d2d947ebc03072b20a42bfc96cbafec16bff8bbda6c1a81fcb0be56d5b21968560c5359a0af4038a68ba150c3e1694fe4c109a063bed8
  languageName: node
  linkType: hard

"@types/caseless@npm:*":
  version: 0.12.5
  resolution: "@types/caseless@npm:0.12.5"
  checksum: 10/f6a3628add76d27005495914c9c3873a93536957edaa5b69c63b46fe10b4649a6fecf16b676c1695f46aab851da47ec6047dcf3570fa8d9b6883492ff6d074e0
  languageName: node
  linkType: hard

"@types/long@npm:^4.0.0":
  version: 4.0.2
  resolution: "@types/long@npm:4.0.2"
  checksum: 10/68afa05fb20949d88345876148a76f6ccff5433310e720db51ac5ca21cb8cc6714286dbe04713840ddbd25a8b56b7a23aa87d08472fabf06463a6f2ed4967707
  languageName: node
  linkType: hard

"@types/node@npm:*, @types/node@npm:>=13.7.0":
  version: 22.4.2
  resolution: "@types/node@npm:22.4.2"
  dependencies:
    undici-types: "npm:~6.19.2"
  checksum: 10/b166dbf77da448c61e800d5adb3e6b1f6df0677edc5d0f686f7a17cf6a2500eb4966a23112cb37378be3344ce3156aec8cf4918fc49dc8cd401724aaeec74cc0
  languageName: node
  linkType: hard

"@types/node@npm:20.16.1":
  version: 20.16.1
  resolution: "@types/node@npm:20.16.1"
  dependencies:
    undici-types: "npm:~6.19.2"
  checksum: 10/9bae1dffd2094694147a91ebec51dc89a60a607d16d47a0d770320f1a75d3ba58663708fd93c37954a63acb701a4e0fd64245139c57ae810d3ad524e75481d4e
  languageName: node
  linkType: hard

"@types/request@npm:^2.48.8":
  version: 2.48.12
  resolution: "@types/request@npm:2.48.12"
  dependencies:
    "@types/caseless": "npm:*"
    "@types/node": "npm:*"
    "@types/tough-cookie": "npm:*"
    form-data: "npm:^2.5.0"
  checksum: 10/a7b3f9f14cacc18fe235bb8e57eff1232a04bd3fa3dad29371f24a5d96db2cd295a0c8b6b34ed7efa3efbbcff845febb02c9635cd68c54811c947ea66ae22090
  languageName: node
  linkType: hard

"@types/tough-cookie@npm:*":
  version: 4.0.5
  resolution: "@types/tough-cookie@npm:4.0.5"
  checksum: 10/01fd82efc8202670865928629697b62fe9bf0c0dcbc5b1c115831caeb073a2c0abb871ff393d7df1ae94ea41e256cb87d2a5a91fd03cdb1b0b4384e08d4ee482
  languageName: node
  linkType: hard

"abort-controller@npm:^3.0.0":
  version: 3.0.0
  resolution: "abort-controller@npm:3.0.0"
  dependencies:
    event-target-shim: "npm:^5.0.0"
  checksum: 10/ed84af329f1828327798229578b4fe03a4dd2596ba304083ebd2252666bdc1d7647d66d0b18704477e1f8aa315f055944aa6e859afebd341f12d0a53c37b4b40
  languageName: node
  linkType: hard

"agent-base@npm:6":
  version: 6.0.2
  resolution: "agent-base@npm:6.0.2"
  dependencies:
    debug: "npm:4"
  checksum: 10/21fb903e0917e5cb16591b4d0ef6a028a54b83ac30cd1fca58dece3d4e0990512a8723f9f83130d88a41e2af8b1f7be1386fda3ea2d181bb1a62155e75e95e23
  languageName: node
  linkType: hard

"agent-base@npm:^7.0.2":
  version: 7.1.1
  resolution: "agent-base@npm:7.1.1"
  dependencies:
    debug: "npm:^4.3.4"
  checksum: 10/c478fec8f79953f118704d007a38f2a185458853f5c45579b9669372bd0e12602e88dc2ad0233077831504f7cd6fcc8251c383375bba5eaaf563b102938bda26
  languageName: node
  linkType: hard

"ansi-regex@npm:^5.0.1":
  version: 5.0.1
  resolution: "ansi-regex@npm:5.0.1"
  checksum: 10/2aa4bb54caf2d622f1afdad09441695af2a83aa3fe8b8afa581d205e57ed4261c183c4d3877cee25794443fde5876417d859c108078ab788d6af7e4fe52eb66b
  languageName: node
  linkType: hard

"ansi-styles@npm:^4.0.0":
  version: 4.3.0
  resolution: "ansi-styles@npm:4.3.0"
  dependencies:
    color-convert: "npm:^2.0.1"
  checksum: 10/b4494dfbfc7e4591b4711a396bd27e540f8153914123dccb4cdbbcb514015ada63a3809f362b9d8d4f6b17a706f1d7bea3c6f974b15fa5ae76b5b502070889ff
  languageName: node
  linkType: hard

"asynckit@npm:^0.4.0":
  version: 0.4.0
  resolution: "asynckit@npm:0.4.0"
  checksum: 10/3ce727cbc78f69d6a4722517a58ee926c8c21083633b1d3fdf66fd688f6c127a53a592141bd4866f9b63240a86e9d8e974b13919450bd17fa33c2d22c4558ad8
  languageName: node
  linkType: hard

"auth-mismatch-demo@workspace:.":
  version: 0.0.0-use.local
  resolution: "auth-mismatch-demo@workspace:."
  dependencies:
    "@google-cloud/resource-manager": "npm:5.3.0"
    "@types/node": "npm:20.16.1"
    google-auth-library: "npm:9.13.0"
    typescript: "npm:5.5.4"
  languageName: unknown
  linkType: soft

"base64-js@npm:^1.3.0":
  version: 1.5.1
  resolution: "base64-js@npm:1.5.1"
  checksum: 10/669632eb3745404c2f822a18fc3a0122d2f9a7a13f7fb8b5823ee19d1d2ff9ee5b52c53367176ea4ad093c332fd5ab4bd0ebae5a8e27917a4105a4cfc86b1005
  languageName: node
  linkType: hard

"bignumber.js@npm:^9.0.0":
  version: 9.1.2
  resolution: "bignumber.js@npm:9.1.2"
  checksum: 10/d89b8800a987225d2c00dcbf8a69dc08e92aa0880157c851c287b307d31ceb2fc2acb0c62c3e3a3d42b6c5fcae9b004035f13eb4386e56d529d7edac18d5c9d8
  languageName: node
  linkType: hard

"buffer-equal-constant-time@npm:1.0.1":
  version: 1.0.1
  resolution: "buffer-equal-constant-time@npm:1.0.1"
  checksum: 10/80bb945f5d782a56f374b292770901065bad21420e34936ecbe949e57724b4a13874f735850dd1cc61f078773c4fb5493a41391e7bda40d1fa388d6bd80daaab
  languageName: node
  linkType: hard

"cliui@npm:^8.0.1":
  version: 8.0.1
  resolution: "cliui@npm:8.0.1"
  dependencies:
    string-width: "npm:^4.2.0"
    strip-ansi: "npm:^6.0.1"
    wrap-ansi: "npm:^7.0.0"
  checksum: 10/eaa5561aeb3135c2cddf7a3b3f562fc4238ff3b3fc666869ef2adf264be0f372136702f16add9299087fb1907c2e4ec5dbfe83bd24bce815c70a80c6c1a2e950
  languageName: node
  linkType: hard

"color-convert@npm:^2.0.1":
  version: 2.0.1
  resolution: "color-convert@npm:2.0.1"
  dependencies:
    color-name: "npm:~1.1.4"
  checksum: 10/fa00c91b4332b294de06b443923246bccebe9fab1b253f7fe1772d37b06a2269b4039a85e309abe1fe11b267b11c08d1d0473fda3badd6167f57313af2887a64
  languageName: node
  linkType: hard

"color-name@npm:~1.1.4":
  version: 1.1.4
  resolution: "color-name@npm:1.1.4"
  checksum: 10/b0445859521eb4021cd0fb0cc1a75cecf67fceecae89b63f62b201cca8d345baf8b952c966862a9d9a2632987d4f6581f0ec8d957dfacece86f0a7919316f610
  languageName: node
  linkType: hard

"combined-stream@npm:^1.0.6":
  version: 1.0.8
  resolution: "combined-stream@npm:1.0.8"
  dependencies:
    delayed-stream: "npm:~1.0.0"
  checksum: 10/2e969e637d05d09fa50b02d74c83a1186f6914aae89e6653b62595cc75a221464f884f55f231b8f4df7a49537fba60bdc0427acd2bf324c09a1dbb84837e36e4
  languageName: node
  linkType: hard

"debug@npm:4, debug@npm:^4.3.4":
  version: 4.3.6
  resolution: "debug@npm:4.3.6"
  dependencies:
    ms: "npm:2.1.2"
  peerDependenciesMeta:
    supports-color:
      optional: true
  checksum: 10/d3adb9af7d57a9e809a68f404490cf776122acca16e6359a2702c0f462e510e91f9765c07f707b8ab0d91e03bad57328f3256f5082631cefb5393d0394d50fb7
  languageName: node
  linkType: hard

"delayed-stream@npm:~1.0.0":
  version: 1.0.0
  resolution: "delayed-stream@npm:1.0.0"
  checksum: 10/46fe6e83e2cb1d85ba50bd52803c68be9bd953282fa7096f51fc29edd5d67ff84ff753c51966061e5ba7cb5e47ef6d36a91924eddb7f3f3483b1c560f77a0020
  languageName: node
  linkType: hard

"duplexify@npm:^4.0.0":
  version: 4.1.3
  resolution: "duplexify@npm:4.1.3"
  dependencies:
    end-of-stream: "npm:^1.4.1"
    inherits: "npm:^2.0.3"
    readable-stream: "npm:^3.1.1"
    stream-shift: "npm:^1.0.2"
  checksum: 10/b44b98ba0ffac3a658b4b1bf877219e996db288c5ae6f3dc55ca9b2cbef7df60c10eabfdd947f3d73a623eb9975a74a66d6d61e6f26bff90155315adb362aa77
  languageName: node
  linkType: hard

"ecdsa-sig-formatter@npm:1.0.11, ecdsa-sig-formatter@npm:^1.0.11":
  version: 1.0.11
  resolution: "ecdsa-sig-formatter@npm:1.0.11"
  dependencies:
    safe-buffer: "npm:^5.0.1"
  checksum: 10/878e1aab8a42773320bc04c6de420bee21aebd71810e40b1799880a8a1c4594bcd6adc3d4213a0fb8147d4c3f529d8f9a618d7f59ad5a9a41b142058aceda23f
  languageName: node
  linkType: hard

"emoji-regex@npm:^8.0.0":
  version: 8.0.0
  resolution: "emoji-regex@npm:8.0.0"
  checksum: 10/c72d67a6821be15ec11997877c437491c313d924306b8da5d87d2a2bcc2cec9903cb5b04ee1a088460501d8e5b44f10df82fdc93c444101a7610b80c8b6938e1
  languageName: node
  linkType: hard

"end-of-stream@npm:^1.4.1":
  version: 1.4.4
  resolution: "end-of-stream@npm:1.4.4"
  dependencies:
    once: "npm:^1.4.0"
  checksum: 10/530a5a5a1e517e962854a31693dbb5c0b2fc40b46dad2a56a2deec656ca040631124f4795823acc68238147805f8b021abbe221f4afed5ef3c8e8efc2024908b
  languageName: node
  linkType: hard

"escalade@npm:^3.1.1":
  version: 3.1.2
  resolution: "escalade@npm:3.1.2"
  checksum: 10/a1e07fea2f15663c30e40b9193d658397846ffe28ce0a3e4da0d8e485fedfeca228ab846aee101a05015829adf39f9934ff45b2a3fca47bed37a29646bd05cd3
  languageName: node
  linkType: hard

"event-target-shim@npm:^5.0.0":
  version: 5.0.1
  resolution: "event-target-shim@npm:5.0.1"
  checksum: 10/49ff46c3a7facbad3decb31f597063e761785d7fdb3920d4989d7b08c97a61c2f51183e2f3a03130c9088df88d4b489b1b79ab632219901f184f85158508f4c8
  languageName: node
  linkType: hard

"extend@npm:^3.0.2":
  version: 3.0.2
  resolution: "extend@npm:3.0.2"
  checksum: 10/59e89e2dc798ec0f54b36d82f32a27d5f6472c53974f61ca098db5d4648430b725387b53449a34df38fd0392045434426b012f302b3cc049a6500ccf82877e4e
  languageName: node
  linkType: hard

"form-data@npm:^2.5.0":
  version: 2.5.1
  resolution: "form-data@npm:2.5.1"
  dependencies:
    asynckit: "npm:^0.4.0"
    combined-stream: "npm:^1.0.6"
    mime-types: "npm:^2.1.12"
  checksum: 10/2e2e5e927979ba3623f9b4c4bcc939275fae3f2dea9dafc8db3ca656a3d75476605de2c80f0e6f1487987398e056f0b4c738972d6e1edd83392d5686d0952eed
  languageName: node
  linkType: hard

"gaxios@npm:^6.0.0, gaxios@npm:^6.1.1":
  version: 6.7.1
  resolution: "gaxios@npm:6.7.1"
  dependencies:
    extend: "npm:^3.0.2"
    https-proxy-agent: "npm:^7.0.1"
    is-stream: "npm:^2.0.0"
    node-fetch: "npm:^2.6.9"
    uuid: "npm:^9.0.1"
  checksum: 10/c85599162208884eadee91215ebbfa1faa412551df4044626cb561300e15193726e8f23d63b486533e066dadad130f58ed872a23acab455238d8d48b531a0695
  languageName: node
  linkType: hard

"gcp-metadata@npm:^6.1.0":
  version: 6.1.0
  resolution: "gcp-metadata@npm:6.1.0"
  dependencies:
    gaxios: "npm:^6.0.0"
    json-bigint: "npm:^1.0.0"
  checksum: 10/a0d12a9cb7499fdb9de0fff5406aa220310c1326b80056be8d9b747aae26414f99d14bd795c0ec52ef7d0473eef9d61bb657b8cd3d8186c8a84c4ddbff025fe9
  languageName: node
  linkType: hard

"get-caller-file@npm:^2.0.5":
  version: 2.0.5
  resolution: "get-caller-file@npm:2.0.5"
  checksum: 10/b9769a836d2a98c3ee734a88ba712e62703f1df31b94b784762c433c27a386dd6029ff55c2a920c392e33657d80191edbf18c61487e198844844516f843496b9
  languageName: node
  linkType: hard

"google-auth-library@npm:9.13.0":
  version: 9.13.0
  resolution: "google-auth-library@npm:9.13.0"
  dependencies:
    base64-js: "npm:^1.3.0"
    ecdsa-sig-formatter: "npm:^1.0.11"
    gaxios: "npm:^6.1.1"
    gcp-metadata: "npm:^6.1.0"
    gtoken: "npm:^7.0.0"
    jws: "npm:^4.0.0"
  checksum: 10/132616d66833ac6b19d69360ac955e595c90261ad2f329c7b433615f4e21f7d831c6498dcd271ef92ea3e051c1bc26eed60a10b37d50de8936c36ae4459d8bc7
  languageName: node
  linkType: hard

"google-auth-library@npm:^9.3.0":
  version: 9.14.0
  resolution: "google-auth-library@npm:9.14.0"
  dependencies:
    base64-js: "npm:^1.3.0"
    ecdsa-sig-formatter: "npm:^1.0.11"
    gaxios: "npm:^6.1.1"
    gcp-metadata: "npm:^6.1.0"
    gtoken: "npm:^7.0.0"
    jws: "npm:^4.0.0"
  checksum: 10/5fd9fe7cfeb6aaec39e37326e8c856db7dd612a8a484f8f74bc389a7121da7f00eb6d487b2d904b46e0881afb0c867d7650ae945da63027388f7eb459d06dd56
  languageName: node
  linkType: hard

"google-gax@npm:^4.0.3":
  version: 4.3.9
  resolution: "google-gax@npm:4.3.9"
  dependencies:
    "@grpc/grpc-js": "npm:^1.10.9"
    "@grpc/proto-loader": "npm:^0.7.13"
    "@types/long": "npm:^4.0.0"
    abort-controller: "npm:^3.0.0"
    duplexify: "npm:^4.0.0"
    google-auth-library: "npm:^9.3.0"
    node-fetch: "npm:^2.7.0"
    object-hash: "npm:^3.0.0"
    proto3-json-serializer: "npm:^2.0.2"
    protobufjs: "npm:^7.3.2"
    retry-request: "npm:^7.0.0"
    uuid: "npm:^9.0.1"
  checksum: 10/cd6f50e9a693e37063f6a548c1f2ad705d8a55d678b41c01ea4ab839b624ab3727993176cd364100fd8d83b9d06087f505f6938e2e419e8a215825bae1538703
  languageName: node
  linkType: hard

"gtoken@npm:^7.0.0":
  version: 7.1.0
  resolution: "gtoken@npm:7.1.0"
  dependencies:
    gaxios: "npm:^6.0.0"
    jws: "npm:^4.0.0"
  checksum: 10/640392261e55c9242137a81a4af8feb053b57061762cedddcbb6a0d62c2314316161808ac2529eea67d06d69fdc56d82361af50f2d840a04a87ea29e124d7382
  languageName: node
  linkType: hard

"http-proxy-agent@npm:^5.0.0":
  version: 5.0.0
  resolution: "http-proxy-agent@npm:5.0.0"
  dependencies:
    "@tootallnate/once": "npm:2"
    agent-base: "npm:6"
    debug: "npm:4"
  checksum: 10/5ee19423bc3e0fd5f23ce991b0755699ad2a46a440ce9cec99e8126bb98448ad3479d2c0ea54be5519db5b19a4ffaa69616bac01540db18506dd4dac3dc418f0
  languageName: node
  linkType: hard

"https-proxy-agent@npm:^5.0.0":
  version: 5.0.1
  resolution: "https-proxy-agent@npm:5.0.1"
  dependencies:
    agent-base: "npm:6"
    debug: "npm:4"
  checksum: 10/f0dce7bdcac5e8eaa0be3c7368bb8836ed010fb5b6349ffb412b172a203efe8f807d9a6681319105ea1b6901e1972c7b5ea899672a7b9aad58309f766dcbe0df
  languageName: node
  linkType: hard

"https-proxy-agent@npm:^7.0.1":
  version: 7.0.5
  resolution: "https-proxy-agent@npm:7.0.5"
  dependencies:
    agent-base: "npm:^7.0.2"
    debug: "npm:4"
  checksum: 10/6679d46159ab3f9a5509ee80c3a3fc83fba3a920a5e18d32176c3327852c3c00ad640c0c4210a8fd70ea3c4a6d3a1b375bf01942516e7df80e2646bdc77658ab
  languageName: node
  linkType: hard

"inherits@npm:^2.0.3":
  version: 2.0.4
  resolution: "inherits@npm:2.0.4"
  checksum: 10/cd45e923bee15186c07fa4c89db0aace24824c482fb887b528304694b2aa6ff8a898da8657046a5dcf3e46cd6db6c61629551f9215f208d7c3f157cf9b290521
  languageName: node
  linkType: hard

"is-fullwidth-code-point@npm:^3.0.0":
  version: 3.0.0
  resolution: "is-fullwidth-code-point@npm:3.0.0"
  checksum: 10/44a30c29457c7fb8f00297bce733f0a64cd22eca270f83e58c105e0d015e45c019491a4ab2faef91ab51d4738c670daff901c799f6a700e27f7314029e99e348
  languageName: node
  linkType: hard

"is-stream@npm:^2.0.0":
  version: 2.0.1
  resolution: "is-stream@npm:2.0.1"
  checksum: 10/b8e05ccdf96ac330ea83c12450304d4a591f9958c11fd17bed240af8d5ffe08aedafa4c0f4cfccd4d28dc9d4d129daca1023633d5c11601a6cbc77521f6fae66
  languageName: node
  linkType: hard

"json-bigint@npm:^1.0.0":
  version: 1.0.0
  resolution: "json-bigint@npm:1.0.0"
  dependencies:
    bignumber.js: "npm:^9.0.0"
  checksum: 10/cd3973b88e5706f8f89d2a9c9431f206ef385bd5c584db1b258891a5e6642507c32316b82745239088c697f5ddfe967351e1731f5789ba7855aed56ad5f70e1f
  languageName: node
  linkType: hard

"jwa@npm:^2.0.0":
  version: 2.0.0
  resolution: "jwa@npm:2.0.0"
  dependencies:
    buffer-equal-constant-time: "npm:1.0.1"
    ecdsa-sig-formatter: "npm:1.0.11"
    safe-buffer: "npm:^5.0.1"
  checksum: 10/ab983f6685d99d13ddfbffef9b1c66309a536362a8412d49ba6e687d834a1240ce39290f30ac7dbe241e0ab6c76fee7ff795776ce534e11d148158c9b7193498
  languageName: node
  linkType: hard

"jws@npm:^4.0.0":
  version: 4.0.0
  resolution: "jws@npm:4.0.0"
  dependencies:
    jwa: "npm:^2.0.0"
    safe-buffer: "npm:^5.0.1"
  checksum: 10/1d15f4cdea376c6bd6a81002bd2cb0bf3d51d83da8f0727947b5ba3e10cf366721b8c0d099bf8c1eb99eb036e2c55e5fd5efd378ccff75a2b4e0bd10002348b9
  languageName: node
  linkType: hard

"lodash.camelcase@npm:^4.3.0":
  version: 4.3.0
  resolution: "lodash.camelcase@npm:4.3.0"
  checksum: 10/c301cc379310441dc73cd6cebeb91fb254bea74e6ad3027f9346fc43b4174385153df420ffa521654e502fd34c40ef69ca4e7d40ee7129a99e06f306032bfc65
  languageName: node
  linkType: hard

"long@npm:^5.0.0":
  version: 5.2.3
  resolution: "long@npm:5.2.3"
  checksum: 10/9167ec6947a825b827c30da169a7384eec6c0c9ec2f0b9c74da2e93d81159bbe39fb09c3f13dae9721d4b807ccfa09797a7dd1012f5d478e3e33ca3c78b608e6
  languageName: node
  linkType: hard

"mime-db@npm:1.52.0":
  version: 1.52.0
  resolution: "mime-db@npm:1.52.0"
  checksum: 10/54bb60bf39e6f8689f6622784e668a3d7f8bed6b0d886f5c3c446cb3284be28b30bf707ed05d0fe44a036f8469976b2629bbea182684977b084de9da274694d7
  languageName: node
  linkType: hard

"mime-types@npm:^2.1.12":
  version: 2.1.35
  resolution: "mime-types@npm:2.1.35"
  dependencies:
    mime-db: "npm:1.52.0"
  checksum: 10/89aa9651b67644035de2784a6e665fc685d79aba61857e02b9c8758da874a754aed4a9aced9265f5ed1171fd934331e5516b84a7f0218031b6fa0270eca1e51a
  languageName: node
  linkType: hard

"ms@npm:2.1.2":
  version: 2.1.2
  resolution: "ms@npm:2.1.2"
  checksum: 10/673cdb2c3133eb050c745908d8ce632ed2c02d85640e2edb3ace856a2266a813b30c613569bf3354fdf4ea7d1a1494add3bfa95e2713baa27d0c2c71fc44f58f
  languageName: node
  linkType: hard

"node-fetch@npm:^2.6.9, node-fetch@npm:^2.7.0":
  version: 2.7.0
  resolution: "node-fetch@npm:2.7.0"
  dependencies:
    whatwg-url: "npm:^5.0.0"
  peerDependencies:
    encoding: ^0.1.0
  peerDependenciesMeta:
    encoding:
      optional: true
  checksum: 10/b24f8a3dc937f388192e59bcf9d0857d7b6940a2496f328381641cb616efccc9866e89ec43f2ec956bbd6c3d3ee05524ce77fe7b29ccd34692b3a16f237d6676
  languageName: node
  linkType: hard

"object-hash@npm:^3.0.0":
  version: 3.0.0
  resolution: "object-hash@npm:3.0.0"
  checksum: 10/f498d456a20512ba7be500cef4cf7b3c183cc72c65372a549c9a0e6dd78ce26f375e9b1315c07592d3fde8f10d5019986eba35970570d477ed9a2a702514432a
  languageName: node
  linkType: hard

"once@npm:^1.4.0":
  version: 1.4.0
  resolution: "once@npm:1.4.0"
  dependencies:
    wrappy: "npm:1"
  checksum: 10/cd0a88501333edd640d95f0d2700fbde6bff20b3d4d9bdc521bdd31af0656b5706570d6c6afe532045a20bb8dc0849f8332d6f2a416e0ba6d3d3b98806c7db68
  languageName: node
  linkType: hard

"proto3-json-serializer@npm:^2.0.2":
  version: 2.0.2
  resolution: "proto3-json-serializer@npm:2.0.2"
  dependencies:
    protobufjs: "npm:^7.2.5"
  checksum: 10/d588337f9a24a94ac14a456261af48ea07e6d0a8a00faebb0b689e79e83925383b9d3ea713184d6336d0bb743dd803f188710e3e8fbfb316586cd1e3f7862a56
  languageName: node
  linkType: hard

"protobufjs@npm:^7.2.5, protobufjs@npm:^7.3.2":
  version: 7.3.2
  resolution: "protobufjs@npm:7.3.2"
  dependencies:
    "@protobufjs/aspromise": "npm:^1.1.2"
    "@protobufjs/base64": "npm:^1.1.2"
    "@protobufjs/codegen": "npm:^2.0.4"
    "@protobufjs/eventemitter": "npm:^1.1.0"
    "@protobufjs/fetch": "npm:^1.1.0"
    "@protobufjs/float": "npm:^1.0.2"
    "@protobufjs/inquire": "npm:^1.1.0"
    "@protobufjs/path": "npm:^1.1.2"
    "@protobufjs/pool": "npm:^1.1.0"
    "@protobufjs/utf8": "npm:^1.1.0"
    "@types/node": "npm:>=13.7.0"
    long: "npm:^5.0.0"
  checksum: 10/816604aa0649a93fd5d3ef2858ef038f482d18eebcfb4201fe85c0d3bcccc12410f9e3e73262f1219e6b5bed4f27b28c3bf7c931c409dfb1fd563a304d541d89
  languageName: node
  linkType: hard

"readable-stream@npm:^3.1.1":
  version: 3.6.2
  resolution: "readable-stream@npm:3.6.2"
  dependencies:
    inherits: "npm:^2.0.3"
    string_decoder: "npm:^1.1.1"
    util-deprecate: "npm:^1.0.1"
  checksum: 10/d9e3e53193adcdb79d8f10f2a1f6989bd4389f5936c6f8b870e77570853561c362bee69feca2bbb7b32368ce96a85504aa4cedf7cf80f36e6a9de30d64244048
  languageName: node
  linkType: hard

"require-directory@npm:^2.1.1":
  version: 2.1.1
  resolution: "require-directory@npm:2.1.1"
  checksum: 10/a72468e2589270d91f06c7d36ec97a88db53ae5d6fe3787fadc943f0b0276b10347f89b363b2a82285f650bdcc135ad4a257c61bdd4d00d6df1fa24875b0ddaf
  languageName: node
  linkType: hard

"retry-request@npm:^7.0.0":
  version: 7.0.2
  resolution: "retry-request@npm:7.0.2"
  dependencies:
    "@types/request": "npm:^2.48.8"
    extend: "npm:^3.0.2"
    teeny-request: "npm:^9.0.0"
  checksum: 10/8f4c927d41dd575fc460aad7b762fb0a33542097201c3c1a31529ad17fa8af3ac0d2a45bf4a2024d079913e9c2dd431566070fe33321c667ac87ebb400de5917
  languageName: node
  linkType: hard

"safe-buffer@npm:^5.0.1, safe-buffer@npm:~5.2.0":
  version: 5.2.1
  resolution: "safe-buffer@npm:5.2.1"
  checksum: 10/32872cd0ff68a3ddade7a7617b8f4c2ae8764d8b7d884c651b74457967a9e0e886267d3ecc781220629c44a865167b61c375d2da6c720c840ecd73f45d5d9451
  languageName: node
  linkType: hard

"stream-events@npm:^1.0.5":
  version: 1.0.5
  resolution: "stream-events@npm:1.0.5"
  dependencies:
    stubs: "npm:^3.0.0"
  checksum: 10/969ce82e34bfbef5734629cc06f9d7f3705a9ceb8fcd6a526332f9159f1f8bbfdb1a453f3ced0b728083454f7706adbbe8428bceb788a0287ca48ba2642dc3fc
  languageName: node
  linkType: hard

"stream-shift@npm:^1.0.2":
  version: 1.0.3
  resolution: "stream-shift@npm:1.0.3"
  checksum: 10/a24c0a3f66a8f9024bd1d579a533a53be283b4475d4e6b4b3211b964031447bdf6532dd1f3c2b0ad66752554391b7c62bd7ca4559193381f766534e723d50242
  languageName: node
  linkType: hard

"string-width@npm:^4.1.0, string-width@npm:^4.2.0, string-width@npm:^4.2.3":
  version: 4.2.3
  resolution: "string-width@npm:4.2.3"
  dependencies:
    emoji-regex: "npm:^8.0.0"
    is-fullwidth-code-point: "npm:^3.0.0"
    strip-ansi: "npm:^6.0.1"
  checksum: 10/e52c10dc3fbfcd6c3a15f159f54a90024241d0f149cf8aed2982a2d801d2e64df0bf1dc351cf8e95c3319323f9f220c16e740b06faecd53e2462df1d2b5443fb
  languageName: node
  linkType: hard

"string_decoder@npm:^1.1.1":
  version: 1.3.0
  resolution: "string_decoder@npm:1.3.0"
  dependencies:
    safe-buffer: "npm:~5.2.0"
  checksum: 10/54d23f4a6acae0e93f999a585e673be9e561b65cd4cca37714af1e893ab8cd8dfa52a9e4f58f48f87b4a44918d3a9254326cb80ed194bf2e4c226e2b21767e56
  languageName: node
  linkType: hard

"strip-ansi@npm:^6.0.0, strip-ansi@npm:^6.0.1":
  version: 6.0.1
  resolution: "strip-ansi@npm:6.0.1"
  dependencies:
    ansi-regex: "npm:^5.0.1"
  checksum: 10/ae3b5436d34fadeb6096367626ce987057713c566e1e7768818797e00ac5d62023d0f198c4e681eae9e20701721980b26a64a8f5b91238869592a9c6800719a2
  languageName: node
  linkType: hard

"stubs@npm:^3.0.0":
  version: 3.0.0
  resolution: "stubs@npm:3.0.0"
  checksum: 10/dec7b82186e3743317616235c59bfb53284acc312cb9f4c3e97e2205c67a5c158b0ca89db5927e52351582e90a2672822eeaec9db396e23e56893d2a8676e024
  languageName: node
  linkType: hard

"teeny-request@npm:^9.0.0":
  version: 9.0.0
  resolution: "teeny-request@npm:9.0.0"
  dependencies:
    http-proxy-agent: "npm:^5.0.0"
    https-proxy-agent: "npm:^5.0.0"
    node-fetch: "npm:^2.6.9"
    stream-events: "npm:^1.0.5"
    uuid: "npm:^9.0.0"
  checksum: 10/44daabb6c2e239c3daed0218ebdafb50c7141c16d7257a6cfef786dbff56d7853c2c02c97934f7ed57818ce5861ac16c5f52f3a16fa292bd4caf53483d386443
  languageName: node
  linkType: hard

"tr46@npm:~0.0.3":
  version: 0.0.3
  resolution: "tr46@npm:0.0.3"
  checksum: 10/8f1f5aa6cb232f9e1bdc86f485f916b7aa38caee8a778b378ffec0b70d9307873f253f5cbadbe2955ece2ac5c83d0dc14a77513166ccd0a0c7fe197e21396695
  languageName: node
  linkType: hard

"typescript@npm:5.5.4":
  version: 5.5.4
  resolution: "typescript@npm:5.5.4"
  bin:
    tsc: bin/tsc
    tsserver: bin/tsserver
  checksum: 10/1689ccafef894825481fc3d856b4834ba3cc185a9c2878f3c76a9a1ef81af04194849840f3c69e7961e2312771471bb3b460ca92561e1d87599b26c37d0ffb6f
  languageName: node
  linkType: hard

"typescript@patch:typescript@npm%3A5.5.4#optional!builtin<compat/typescript>":
  version: 5.5.4
  resolution: "typescript@patch:typescript@npm%3A5.5.4#optional!builtin<compat/typescript>::version=5.5.4&hash=379a07"
  bin:
    tsc: bin/tsc
    tsserver: bin/tsserver
  checksum: 10/746fdd0865c5ce4f15e494c57ede03a9e12ede59cfdb40da3a281807853fe63b00ef1c912d7222143499aa82f18b8b472baa1830df8804746d09b55f6cf5b1cc
  languageName: node
  linkType: hard

"undici-types@npm:~6.19.2":
  version: 6.19.8
  resolution: "undici-types@npm:6.19.8"
  checksum: 10/cf0b48ed4fc99baf56584afa91aaffa5010c268b8842f62e02f752df209e3dea138b372a60a963b3b2576ed932f32329ce7ddb9cb5f27a6c83040d8cd74b7a70
  languageName: node
  linkType: hard

"util-deprecate@npm:^1.0.1":
  version: 1.0.2
  resolution: "util-deprecate@npm:1.0.2"
  checksum: 10/474acf1146cb2701fe3b074892217553dfcf9a031280919ba1b8d651a068c9b15d863b7303cb15bd00a862b498e6cf4ad7b4a08fb134edd5a6f7641681cb54a2
  languageName: node
  linkType: hard

"uuid@npm:^9.0.0, uuid@npm:^9.0.1":
  version: 9.0.1
  resolution: "uuid@npm:9.0.1"
  bin:
    uuid: dist/bin/uuid
  checksum: 10/9d0b6adb72b736e36f2b1b53da0d559125ba3e39d913b6072f6f033e0c87835b414f0836b45bcfaf2bdf698f92297fea1c3cc19b0b258bc182c9c43cc0fab9f2
  languageName: node
  linkType: hard

"webidl-conversions@npm:^3.0.0":
  version: 3.0.1
  resolution: "webidl-conversions@npm:3.0.1"
  checksum: 10/b65b9f8d6854572a84a5c69615152b63371395f0c5dcd6729c45789052296df54314db2bc3e977df41705eacb8bc79c247cee139a63fa695192f95816ed528ad
  languageName: node
  linkType: hard

"whatwg-url@npm:^5.0.0":
  version: 5.0.0
  resolution: "whatwg-url@npm:5.0.0"
  dependencies:
    tr46: "npm:~0.0.3"
    webidl-conversions: "npm:^3.0.0"
  checksum: 10/f95adbc1e80820828b45cc671d97da7cd5e4ef9deb426c31bcd5ab00dc7103042291613b3ef3caec0a2335ed09e0d5ed026c940755dbb6d404e2b27f940fdf07
  languageName: node
  linkType: hard

"wrap-ansi@npm:^7.0.0":
  version: 7.0.0
  resolution: "wrap-ansi@npm:7.0.0"
  dependencies:
    ansi-styles: "npm:^4.0.0"
    string-width: "npm:^4.1.0"
    strip-ansi: "npm:^6.0.0"
  checksum: 10/cebdaeca3a6880da410f75209e68cd05428580de5ad24535f22696d7d9cab134d1f8498599f344c3cf0fb37c1715807a183778d8c648d6cc0cb5ff2bb4236540
  languageName: node
  linkType: hard

"wrappy@npm:1":
  version: 1.0.2
  resolution: "wrappy@npm:1.0.2"
  checksum: 10/159da4805f7e84a3d003d8841557196034155008f817172d4e986bd591f74aa82aa7db55929a54222309e01079a65a92a9e6414da5a6aa4b01ee44a511ac3ee5
  languageName: node
  linkType: hard

"y18n@npm:^5.0.5":
  version: 5.0.8
  resolution: "y18n@npm:5.0.8"
  checksum: 10/5f1b5f95e3775de4514edbb142398a2c37849ccfaf04a015be5d75521e9629d3be29bd4432d23c57f37e5b61ade592fb0197022e9993f81a06a5afbdcda9346d
  languageName: node
  linkType: hard

"yargs-parser@npm:^21.1.1":
  version: 21.1.1
  resolution: "yargs-parser@npm:21.1.1"
  checksum: 10/9dc2c217ea3bf8d858041252d43e074f7166b53f3d010a8c711275e09cd3d62a002969a39858b92bbda2a6a63a585c7127014534a560b9c69ed2d923d113406e
  languageName: node
  linkType: hard

"yargs@npm:^17.7.2":
  version: 17.7.2
  resolution: "yargs@npm:17.7.2"
  dependencies:
    cliui: "npm:^8.0.1"
    escalade: "npm:^3.1.1"
    get-caller-file: "npm:^2.0.5"
    require-directory: "npm:^2.1.1"
    string-width: "npm:^4.2.3"
    y18n: "npm:^5.0.5"
    yargs-parser: "npm:^21.1.1"
  checksum: 10/abb3e37678d6e38ea85485ed86ebe0d1e3464c640d7d9069805ea0da12f69d5a32df8e5625e370f9c96dd1c2dc088ab2d0a4dd32af18222ef3c4224a19471576
  languageName: node
  linkType: hard
